<?xml version="1.0" encoding="UTF-8" standalone="yes" ?>
<CodeBlocks_project_file>
	<FileVersion major="1" minor="6" />
	<Project>
		<Option title="ensg" />
		<Option pch_mode="2" />
		<Option compiler="gcc" />
		<Build>
			<Target title="Debug">
				<Option output="bin/Debug/ensg" prefix_auto="1" extension_auto="1" />
				<Option object_output="obj/Debug/" />
				<Option type="1" />
				<Option compiler="gcc" />
				<Compiler>
					<Add option="-g" />
				</Compiler>
			</Target>
			<Target title="Release">
				<Option output="bin/Release/ensg" prefix_auto="1" extension_auto="1" />
				<Option object_output="obj/Release/" />
				<Option type="1" />
				<Option compiler="gcc" />
				<Compiler>
					<Add option="-O2" />
				</Compiler>
				<Linker>
					<Add option="-s" />
				</Linker>
			</Target>
		</Build>
		<Compiler>
			<Add option="-Wall" />
			<Add option="-fexceptions" />
		</Compiler>
		<Unit filename="src/main.cpp" />
		<Unit filename="src/tp1/Complexe.cpp" />
		<Unit filename="src/tp1/Complexe.h" />
		<Unit filename="src/tp1/exo1.cpp" />
		<Unit filename="src/tp1/exo1.h" />
		<Unit filename="src/tp1/exo2.cpp" />
		<Unit filename="src/tp1/exo2.h" />
		<Unit filename="src/tp1/pointeurs.cpp" />
		<Unit filename="src/tp1/pointeurs.h" />
		<Unit filename="src/tp1/tp1.cpp" />
		<Unit filename="src/tp1/tp1.h" />
		<Unit filename="src/tp2/tTableau.cpp" />
		<Unit filename="src/tp2/tTableau.h" />
		<Unit filename="src/tp2/tp2.h" />
		<Extensions>
			<code_completion />
			<debugger />
		</Extensions>
	</Project>
</CodeBlocks_project_file>
